{
  "name": "pdf_gen",
  "lockfileVersion": 2,
  "requires": true,
  "packages": {
    "": {
      "dependencies": {
        "codes-postaux": "^3.4.0"
      }
    },
    "node_modules/codes-postaux": {
      "version": "3.4.0",
      "resolved": "https://registry.npmjs.org/codes-postaux/-/codes-postaux-3.4.0.tgz",
      "integrity": "sha512-RCEE5doJaxi+xWNsZXU3nncc5DqtoImyM2BNDj8MIfbCr6yzI8MKU3D+La0VuPEkV7+6QPKl7BTM1U4CvD2d2w==",
      "dependencies": {
        "lodash": "^4.17.21"
      },
      "engines": {
        "node": ">= 12"
      }
    },
    "node_modules/lodash": {
      "version": "4.17.21",
      "resolved": "https://registry.npmjs.org/lodash/-/lodash-4.17.21.tgz",
      "integrity": "sha512-v2kDEe57lecTulaDIuNTPy3Ry4gLGJ6Z1O3vE1krgXZNrsQ+LFTGHVxVjcXPs17LhbZVGedAJv8XZ1tvj5FvSg=="
    }
  },
  "dependencies": {
    "codes-postaux": {
      "version": "3.4.0",
      "resolved": "https://registry.npmjs.org/codes-postaux/-/codes-postaux-3.4.0.tgz",
      "integrity": "sha512-RCEE5doJaxi+xWNsZXU3nncc5DqtoImyM2BNDj8MIfbCr6yzI8MKU3D+La0VuPEkV7+6QPKl7BTM1U4CvD2d2w==",
      "requires": {
        "lodash": "^4.17.21"
      }
    },
    "lodash": {
      "version": "4.17.21",
      "resolved": "https://registry.npmjs.org/lodash/-/lodash-4.17.21.tgz",
      "integrity": "sha512-v2kDEe57lecTulaDIuNTPy3Ry4gLGJ6Z1O3vE1krgXZNrsQ+LFTGHVxVjcXPs17LhbZVGedAJv8XZ1tvj5FvSg=="
    }
  }
}
